---
path: ".gem_rbs_collection"
gems:
- name: bigdecimal
  version: '3.1'
  source:
    type: git
    name: ruby/gem_rbs_collection
    revision: b20c7f25752681214a6dfb9bc98323424330ae69
    remote: https://github.com/ruby/gem_rbs_collection.git
    repo_dir: gems
- name: concurrent-ruby
  version: '1.1'
  source:
    type: git
    name: ruby/gem_rbs_collection
    revision: b20c7f25752681214a6dfb9bc98323424330ae69
    remote: https://github.com/ruby/gem_rbs_collection.git
    repo_dir: gems
- name: json
  version: '0'
  source:
    type: stdlib
- name: logger
  version: '0'
  source:
    type: stdlib
- name: monitor
  version: '0'
  source:
    type: stdlib
- name: optparse
  version: '0'
  source:
    type: stdlib
- name: pathname
  version: '0'
  source:
    type: stdlib
- name: prism
  version: 1.4.0
  source:
    type: rubygems
- name: rbs
  version: 3.9.1
  source:
    type: rubygems
- name: rdoc
  version: '0'
  source:
    type: stdlib
- name: tsort
  version: '0'
  source:
    type: stdlib
gemfile_lock_path: Gemfile.lock
